
Microsoft Visual Studio Solution File, Format Version 12.00
Project("{FAE04EC0-301F-11D3-BF4B-00C04F79EFBC}") = "planer", "planer\planer.csproj", "{6EEF925C-8E7C-4251-809E-CA561D595269}"
EndProject
Project("{2150E333-8FDC-42A3-9474-1A3956D46DE8}") = "CrossCutting", "CrossCutting", "{B203B781-82AF-440B-B0BC-9548FEC9C97B}"
EndProject
Project("{2150E333-8FDC-42A3-9474-1A3956D46DE8}") = "Data", "Data", "{3AB0D60C-9007-4797-89AC-C8EA20D96735}"
EndProject
Project("{2150E333-8FDC-42A3-9474-1A3956D46DE8}") = "Logic", "Logic", "{7002CB41-514C-4DC3-8DD3-01D78280241B}"
EndProject
Project("{2150E333-8FDC-42A3-9474-1A3956D46DE8}") = "UI", "UI", "{C80A768D-8372-44C3-A15A-1308F38FF887}"
EndProject
Project("{FAE04EC0-301F-11D3-BF4B-00C04F79EFBC}") = "CrossCutting", "CrossCutting\CrossCutting.csproj", "{3F6F3555-AFFE-46ED-AE01-04F28594BA66}"
EndProject
Project("{FAE04EC0-301F-11D3-BF4B-00C04F79EFBC}") = "Datastoring.EfCore", "Datastoring.EfCore\Datastoring.EfCore.csproj", "{568CEC4C-DFDD-4C1A-8391-E2D5524694B2}"
EndProject
Project("{FAE04EC0-301F-11D3-BF4B-00C04F79EFBC}") = "MailManagement", "MailManagement\MailManagement.csproj", "{A8228F41-E123-4F03-9EC3-0FCBF780DF37}"
EndProject
Project("{FAE04EC0-301F-11D3-BF4B-00C04F79EFBC}") = "MailManagement.Contract", "MailManagement.Contract\MailManagement.Contract.csproj", "{EC5D95F7-8186-41C7-906E-3DD6E5C843BD}"
EndProject
Project("{FAE04EC0-301F-11D3-BF4B-00C04F79EFBC}") = "UserManagement", "UserManagement\UserManagement.csproj", "{3577F1D9-4D91-4BC9-B17D-B6083EB3ADA7}"
EndProject
Project("{FAE04EC0-301F-11D3-BF4B-00C04F79EFBC}") = "UserManagement.Contract", "UserManagement.Contract\UserManagement.Contract.csproj", "{059D1C2A-214B-4E3B-8ED9-67EB8425283D}"
EndProject
Project("{FAE04EC0-301F-11D3-BF4B-00C04F79EFBC}") = "DatabaseManagement", "DatabaseManagement\DatabaseManagement.csproj", "{17CD6088-0FC9-4439-AD8D-66BB0FBF797F}"
EndProject
Project("{FAE04EC0-301F-11D3-BF4B-00C04F79EFBC}") = "DatabaseManagement.Contract", "DatabaseManagement.Contract\DatabaseManagement.Contract.csproj", "{D4BBD32E-F163-4989-9709-677EDCB34CED}"
EndProject
Project("{FAE04EC0-301F-11D3-BF4B-00C04F79EFBC}") = "OrganizationManagement", "OrganizationManagement\OrganizationManagement.csproj", "{C7C337C1-D0F9-44AA-8EEC-1552AF6199CB}"
EndProject
Project("{FAE04EC0-301F-11D3-BF4B-00C04F79EFBC}") = "OrganizationManagement.Contract", "OrganizationManagement.Contract\OrganizationManagement.Contract.csproj", "{10D1CA44-1A85-4085-9CC8-B4CE00C39AD6}"
EndProject
Project("{FAE04EC0-301F-11D3-BF4B-00C04F79EFBC}") = "TeamManagement", "TeamManagement\TeamManagement.csproj", "{E42F4711-FA12-4AA0-AE4F-C0F87DFF93D7}"
EndProject
Project("{FAE04EC0-301F-11D3-BF4B-00C04F79EFBC}") = "TeamManagement.Contract", "TeamManagement.Contract\TeamManagement.Contract.csproj", "{BD4F78A5-03CB-4702-B6B2-959F3FC2CC66}"
EndProject
Project("{FAE04EC0-301F-11D3-BF4B-00C04F79EFBC}") = "EmployeeManagement", "EmployeeManagement\EmployeeManagement.csproj", "{07C91333-000B-4149-9D2B-921CC6F2465D}"
EndProject
Project("{FAE04EC0-301F-11D3-BF4B-00C04F79EFBC}") = "EmployeeManagement.Contract", "EmployeeManagement.Contract\EmployeeManagement.Contract.csproj", "{2D8F7EE5-4B5E-4715-9C59-88A86F4935FE}"
EndProject
Project("{FAE04EC0-301F-11D3-BF4B-00C04F79EFBC}") = "SmoobuManagement", "SmoobuManagement\SmoobuManagement.csproj", "{1E34CCF3-BE3E-4166-A371-077AFE257D92}"
EndProject
Project("{FAE04EC0-301F-11D3-BF4B-00C04F79EFBC}") = "SmoobuManagement.Contract", "SmoobuManagement.Contract\SmoobuManagement.Contract.csproj", "{E5C67CD1-3046-4777-AFE0-A88DBDCC3454}"
EndProject
Project("{FAE04EC0-301F-11D3-BF4B-00C04F79EFBC}") = "TagManagement", "TagManagement\TagManagement.csproj", "{D58ABDCB-3CB9-48FD-9D26-BDA36401E02C}"
EndProject
Project("{FAE04EC0-301F-11D3-BF4B-00C04F79EFBC}") = "TagManagement.Contract", "TagManagement.Contract\TagManagement.Contract.csproj", "{C16FCF3D-E0B5-40FE-925E-6DE1A8092279}"
EndProject
Project("{FAE04EC0-301F-11D3-BF4B-00C04F79EFBC}") = "AppointmentManagement", "AppointmentManagement\AppointmentManagement.csproj", "{26F5763E-1036-409E-A991-C7F0DB65E937}"
EndProject
Project("{FAE04EC0-301F-11D3-BF4B-00C04F79EFBC}") = "AppointmentManagement.Contract", "AppointmentManagement.Contract\AppointmentManagement.Contract.csproj", "{54F1CBD7-99EE-45A3-92FB-A90485E9B799}"
EndProject
Project("{FAE04EC0-301F-11D3-BF4B-00C04F79EFBC}") = "BookingAdditionManagement", "BookingAdditionManagement\BookingAdditionManagement.csproj", "{B6FB688A-182C-4915-9EA9-39EE55BA9C6F}"
EndProject
Project("{FAE04EC0-301F-11D3-BF4B-00C04F79EFBC}") = "BookingAdditionManagement.Contract", "BookingAdditionManagement.Contract\BookingAdditionManagement.Contract.csproj", "{C70B6987-7B86-44EE-80EE-2BBFD42A452A}"
EndProject
Project("{FAE04EC0-301F-11D3-BF4B-00C04F79EFBC}") = "TimeTrackingManagement", "TimeTrackingManagement\TimeTrackingManagement.csproj", "{676E75EC-09E8-49DD-98D8-97F98E9B35B4}"
EndProject
Project("{FAE04EC0-301F-11D3-BF4B-00C04F79EFBC}") = "TimeTrackingManagement.Contract", "TimeTrackingManagement.Contract\TimeTrackingManagement.Contract.csproj", "{11498D64-0B16-499E-A92B-6B8943F8E641}"
EndProject
Global
	GlobalSection(SolutionConfigurationPlatforms) = preSolution
		Debug|Any CPU = Debug|Any CPU
		Release|Any CPU = Release|Any CPU
	EndGlobalSection
	GlobalSection(ProjectConfigurationPlatforms) = postSolution
		{6EEF925C-8E7C-4251-809E-CA561D595269}.Debug|Any CPU.ActiveCfg = Debug|Any CPU
		{6EEF925C-8E7C-4251-809E-CA561D595269}.Debug|Any CPU.Build.0 = Debug|Any CPU
		{6EEF925C-8E7C-4251-809E-CA561D595269}.Release|Any CPU.ActiveCfg = Release|Any CPU
		{6EEF925C-8E7C-4251-809E-CA561D595269}.Release|Any CPU.Build.0 = Release|Any CPU
		{3F6F3555-AFFE-46ED-AE01-04F28594BA66}.Debug|Any CPU.ActiveCfg = Debug|Any CPU
		{3F6F3555-AFFE-46ED-AE01-04F28594BA66}.Debug|Any CPU.Build.0 = Debug|Any CPU
		{3F6F3555-AFFE-46ED-AE01-04F28594BA66}.Release|Any CPU.ActiveCfg = Release|Any CPU
		{3F6F3555-AFFE-46ED-AE01-04F28594BA66}.Release|Any CPU.Build.0 = Release|Any CPU
		{568CEC4C-DFDD-4C1A-8391-E2D5524694B2}.Debug|Any CPU.ActiveCfg = Debug|Any CPU
		{568CEC4C-DFDD-4C1A-8391-E2D5524694B2}.Debug|Any CPU.Build.0 = Debug|Any CPU
		{568CEC4C-DFDD-4C1A-8391-E2D5524694B2}.Release|Any CPU.ActiveCfg = Release|Any CPU
		{568CEC4C-DFDD-4C1A-8391-E2D5524694B2}.Release|Any CPU.Build.0 = Release|Any CPU
		{A8228F41-E123-4F03-9EC3-0FCBF780DF37}.Debug|Any CPU.ActiveCfg = Debug|Any CPU
		{A8228F41-E123-4F03-9EC3-0FCBF780DF37}.Debug|Any CPU.Build.0 = Debug|Any CPU
		{A8228F41-E123-4F03-9EC3-0FCBF780DF37}.Release|Any CPU.ActiveCfg = Release|Any CPU
		{A8228F41-E123-4F03-9EC3-0FCBF780DF37}.Release|Any CPU.Build.0 = Release|Any CPU
		{EC5D95F7-8186-41C7-906E-3DD6E5C843BD}.Debug|Any CPU.ActiveCfg = Debug|Any CPU
		{EC5D95F7-8186-41C7-906E-3DD6E5C843BD}.Debug|Any CPU.Build.0 = Debug|Any CPU
		{EC5D95F7-8186-41C7-906E-3DD6E5C843BD}.Release|Any CPU.ActiveCfg = Release|Any CPU
		{EC5D95F7-8186-41C7-906E-3DD6E5C843BD}.Release|Any CPU.Build.0 = Release|Any CPU
		{3577F1D9-4D91-4BC9-B17D-B6083EB3ADA7}.Debug|Any CPU.ActiveCfg = Debug|Any CPU
		{3577F1D9-4D91-4BC9-B17D-B6083EB3ADA7}.Debug|Any CPU.Build.0 = Debug|Any CPU
		{3577F1D9-4D91-4BC9-B17D-B6083EB3ADA7}.Release|Any CPU.ActiveCfg = Release|Any CPU
		{3577F1D9-4D91-4BC9-B17D-B6083EB3ADA7}.Release|Any CPU.Build.0 = Release|Any CPU
		{059D1C2A-214B-4E3B-8ED9-67EB8425283D}.Debug|Any CPU.ActiveCfg = Debug|Any CPU
		{059D1C2A-214B-4E3B-8ED9-67EB8425283D}.Debug|Any CPU.Build.0 = Debug|Any CPU
		{059D1C2A-214B-4E3B-8ED9-67EB8425283D}.Release|Any CPU.ActiveCfg = Release|Any CPU
		{059D1C2A-214B-4E3B-8ED9-67EB8425283D}.Release|Any CPU.Build.0 = Release|Any CPU
		{17CD6088-0FC9-4439-AD8D-66BB0FBF797F}.Debug|Any CPU.ActiveCfg = Debug|Any CPU
		{17CD6088-0FC9-4439-AD8D-66BB0FBF797F}.Debug|Any CPU.Build.0 = Debug|Any CPU
		{17CD6088-0FC9-4439-AD8D-66BB0FBF797F}.Release|Any CPU.ActiveCfg = Release|Any CPU
		{17CD6088-0FC9-4439-AD8D-66BB0FBF797F}.Release|Any CPU.Build.0 = Release|Any CPU
		{D4BBD32E-F163-4989-9709-677EDCB34CED}.Debug|Any CPU.ActiveCfg = Debug|Any CPU
		{D4BBD32E-F163-4989-9709-677EDCB34CED}.Debug|Any CPU.Build.0 = Debug|Any CPU
		{D4BBD32E-F163-4989-9709-677EDCB34CED}.Release|Any CPU.ActiveCfg = Release|Any CPU
		{D4BBD32E-F163-4989-9709-677EDCB34CED}.Release|Any CPU.Build.0 = Release|Any CPU
		{C7C337C1-D0F9-44AA-8EEC-1552AF6199CB}.Debug|Any CPU.ActiveCfg = Debug|Any CPU
		{C7C337C1-D0F9-44AA-8EEC-1552AF6199CB}.Debug|Any CPU.Build.0 = Debug|Any CPU
		{C7C337C1-D0F9-44AA-8EEC-1552AF6199CB}.Release|Any CPU.ActiveCfg = Release|Any CPU
		{C7C337C1-D0F9-44AA-8EEC-1552AF6199CB}.Release|Any CPU.Build.0 = Release|Any CPU
		{10D1CA44-1A85-4085-9CC8-B4CE00C39AD6}.Debug|Any CPU.ActiveCfg = Debug|Any CPU
		{10D1CA44-1A85-4085-9CC8-B4CE00C39AD6}.Debug|Any CPU.Build.0 = Debug|Any CPU
		{10D1CA44-1A85-4085-9CC8-B4CE00C39AD6}.Release|Any CPU.ActiveCfg = Release|Any CPU
		{10D1CA44-1A85-4085-9CC8-B4CE00C39AD6}.Release|Any CPU.Build.0 = Release|Any CPU
		{E42F4711-FA12-4AA0-AE4F-C0F87DFF93D7}.Debug|Any CPU.ActiveCfg = Debug|Any CPU
		{E42F4711-FA12-4AA0-AE4F-C0F87DFF93D7}.Debug|Any CPU.Build.0 = Debug|Any CPU
		{E42F4711-FA12-4AA0-AE4F-C0F87DFF93D7}.Release|Any CPU.ActiveCfg = Release|Any CPU
		{E42F4711-FA12-4AA0-AE4F-C0F87DFF93D7}.Release|Any CPU.Build.0 = Release|Any CPU
		{BD4F78A5-03CB-4702-B6B2-959F3FC2CC66}.Debug|Any CPU.ActiveCfg = Debug|Any CPU
		{BD4F78A5-03CB-4702-B6B2-959F3FC2CC66}.Debug|Any CPU.Build.0 = Debug|Any CPU
		{BD4F78A5-03CB-4702-B6B2-959F3FC2CC66}.Release|Any CPU.ActiveCfg = Release|Any CPU
		{BD4F78A5-03CB-4702-B6B2-959F3FC2CC66}.Release|Any CPU.Build.0 = Release|Any CPU
		{07C91333-000B-4149-9D2B-921CC6F2465D}.Debug|Any CPU.ActiveCfg = Debug|Any CPU
		{07C91333-000B-4149-9D2B-921CC6F2465D}.Debug|Any CPU.Build.0 = Debug|Any CPU
		{07C91333-000B-4149-9D2B-921CC6F2465D}.Release|Any CPU.ActiveCfg = Release|Any CPU
		{07C91333-000B-4149-9D2B-921CC6F2465D}.Release|Any CPU.Build.0 = Release|Any CPU
		{2D8F7EE5-4B5E-4715-9C59-88A86F4935FE}.Debug|Any CPU.ActiveCfg = Debug|Any CPU
		{2D8F7EE5-4B5E-4715-9C59-88A86F4935FE}.Debug|Any CPU.Build.0 = Debug|Any CPU
		{2D8F7EE5-4B5E-4715-9C59-88A86F4935FE}.Release|Any CPU.ActiveCfg = Release|Any CPU
		{2D8F7EE5-4B5E-4715-9C59-88A86F4935FE}.Release|Any CPU.Build.0 = Release|Any CPU
		{1E34CCF3-BE3E-4166-A371-077AFE257D92}.Debug|Any CPU.ActiveCfg = Debug|Any CPU
		{1E34CCF3-BE3E-4166-A371-077AFE257D92}.Debug|Any CPU.Build.0 = Debug|Any CPU
		{1E34CCF3-BE3E-4166-A371-077AFE257D92}.Release|Any CPU.ActiveCfg = Release|Any CPU
		{1E34CCF3-BE3E-4166-A371-077AFE257D92}.Release|Any CPU.Build.0 = Release|Any CPU
		{E5C67CD1-3046-4777-AFE0-A88DBDCC3454}.Debug|Any CPU.ActiveCfg = Debug|Any CPU
		{E5C67CD1-3046-4777-AFE0-A88DBDCC3454}.Debug|Any CPU.Build.0 = Debug|Any CPU
		{E5C67CD1-3046-4777-AFE0-A88DBDCC3454}.Release|Any CPU.ActiveCfg = Release|Any CPU
		{E5C67CD1-3046-4777-AFE0-A88DBDCC3454}.Release|Any CPU.Build.0 = Release|Any CPU
		{D58ABDCB-3CB9-48FD-9D26-BDA36401E02C}.Debug|Any CPU.ActiveCfg = Debug|Any CPU
		{D58ABDCB-3CB9-48FD-9D26-BDA36401E02C}.Debug|Any CPU.Build.0 = Debug|Any CPU
		{D58ABDCB-3CB9-48FD-9D26-BDA36401E02C}.Release|Any CPU.ActiveCfg = Release|Any CPU
		{D58ABDCB-3CB9-48FD-9D26-BDA36401E02C}.Release|Any CPU.Build.0 = Release|Any CPU
		{C16FCF3D-E0B5-40FE-925E-6DE1A8092279}.Debug|Any CPU.ActiveCfg = Debug|Any CPU
		{C16FCF3D-E0B5-40FE-925E-6DE1A8092279}.Debug|Any CPU.Build.0 = Debug|Any CPU
		{C16FCF3D-E0B5-40FE-925E-6DE1A8092279}.Release|Any CPU.ActiveCfg = Release|Any CPU
		{C16FCF3D-E0B5-40FE-925E-6DE1A8092279}.Release|Any CPU.Build.0 = Release|Any CPU
		{26F5763E-1036-409E-A991-C7F0DB65E937}.Debug|Any CPU.ActiveCfg = Debug|Any CPU
		{26F5763E-1036-409E-A991-C7F0DB65E937}.Debug|Any CPU.Build.0 = Debug|Any CPU
		{26F5763E-1036-409E-A991-C7F0DB65E937}.Release|Any CPU.ActiveCfg = Release|Any CPU
		{26F5763E-1036-409E-A991-C7F0DB65E937}.Release|Any CPU.Build.0 = Release|Any CPU
		{54F1CBD7-99EE-45A3-92FB-A90485E9B799}.Debug|Any CPU.ActiveCfg = Debug|Any CPU
		{54F1CBD7-99EE-45A3-92FB-A90485E9B799}.Debug|Any CPU.Build.0 = Debug|Any CPU
		{54F1CBD7-99EE-45A3-92FB-A90485E9B799}.Release|Any CPU.ActiveCfg = Release|Any CPU
		{54F1CBD7-99EE-45A3-92FB-A90485E9B799}.Release|Any CPU.Build.0 = Release|Any CPU
		{B6FB688A-182C-4915-9EA9-39EE55BA9C6F}.Debug|Any CPU.ActiveCfg = Debug|Any CPU
		{B6FB688A-182C-4915-9EA9-39EE55BA9C6F}.Debug|Any CPU.Build.0 = Debug|Any CPU
		{B6FB688A-182C-4915-9EA9-39EE55BA9C6F}.Release|Any CPU.ActiveCfg = Release|Any CPU
		{B6FB688A-182C-4915-9EA9-39EE55BA9C6F}.Release|Any CPU.Build.0 = Release|Any CPU
		{C70B6987-7B86-44EE-80EE-2BBFD42A452A}.Debug|Any CPU.ActiveCfg = Debug|Any CPU
		{C70B6987-7B86-44EE-80EE-2BBFD42A452A}.Debug|Any CPU.Build.0 = Debug|Any CPU
		{C70B6987-7B86-44EE-80EE-2BBFD42A452A}.Release|Any CPU.ActiveCfg = Release|Any CPU
		{C70B6987-7B86-44EE-80EE-2BBFD42A452A}.Release|Any CPU.Build.0 = Release|Any CPU
		{676E75EC-09E8-49DD-98D8-97F98E9B35B4}.Debug|Any CPU.ActiveCfg = Debug|Any CPU
		{676E75EC-09E8-49DD-98D8-97F98E9B35B4}.Debug|Any CPU.Build.0 = Debug|Any CPU
		{676E75EC-09E8-49DD-98D8-97F98E9B35B4}.Release|Any CPU.ActiveCfg = Release|Any CPU
		{676E75EC-09E8-49DD-98D8-97F98E9B35B4}.Release|Any CPU.Build.0 = Release|Any CPU
		{11498D64-0B16-499E-A92B-6B8943F8E641}.Debug|Any CPU.ActiveCfg = Debug|Any CPU
		{11498D64-0B16-499E-A92B-6B8943F8E641}.Debug|Any CPU.Build.0 = Debug|Any CPU
		{11498D64-0B16-499E-A92B-6B8943F8E641}.Release|Any CPU.ActiveCfg = Release|Any CPU
		{11498D64-0B16-499E-A92B-6B8943F8E641}.Release|Any CPU.Build.0 = Release|Any CPU
	EndGlobalSection
	GlobalSection(NestedProjects) = preSolution
		{6EEF925C-8E7C-4251-809E-CA561D595269} = {C80A768D-8372-44C3-A15A-1308F38FF887}
		{3F6F3555-AFFE-46ED-AE01-04F28594BA66} = {B203B781-82AF-440B-B0BC-9548FEC9C97B}
		{568CEC4C-DFDD-4C1A-8391-E2D5524694B2} = {3AB0D60C-9007-4797-89AC-C8EA20D96735}
		{A8228F41-E123-4F03-9EC3-0FCBF780DF37} = {7002CB41-514C-4DC3-8DD3-01D78280241B}
		{EC5D95F7-8186-41C7-906E-3DD6E5C843BD} = {7002CB41-514C-4DC3-8DD3-01D78280241B}
		{3577F1D9-4D91-4BC9-B17D-B6083EB3ADA7} = {7002CB41-514C-4DC3-8DD3-01D78280241B}
		{059D1C2A-214B-4E3B-8ED9-67EB8425283D} = {7002CB41-514C-4DC3-8DD3-01D78280241B}
		{17CD6088-0FC9-4439-AD8D-66BB0FBF797F} = {7002CB41-514C-4DC3-8DD3-01D78280241B}
		{D4BBD32E-F163-4989-9709-677EDCB34CED} = {7002CB41-514C-4DC3-8DD3-01D78280241B}
		{C7C337C1-D0F9-44AA-8EEC-1552AF6199CB} = {7002CB41-514C-4DC3-8DD3-01D78280241B}
		{10D1CA44-1A85-4085-9CC8-B4CE00C39AD6} = {7002CB41-514C-4DC3-8DD3-01D78280241B}
		{E42F4711-FA12-4AA0-AE4F-C0F87DFF93D7} = {7002CB41-514C-4DC3-8DD3-01D78280241B}
		{BD4F78A5-03CB-4702-B6B2-959F3FC2CC66} = {7002CB41-514C-4DC3-8DD3-01D78280241B}
		{07C91333-000B-4149-9D2B-921CC6F2465D} = {7002CB41-514C-4DC3-8DD3-01D78280241B}
		{2D8F7EE5-4B5E-4715-9C59-88A86F4935FE} = {7002CB41-514C-4DC3-8DD3-01D78280241B}
		{1E34CCF3-BE3E-4166-A371-077AFE257D92} = {7002CB41-514C-4DC3-8DD3-01D78280241B}
		{E5C67CD1-3046-4777-AFE0-A88DBDCC3454} = {7002CB41-514C-4DC3-8DD3-01D78280241B}
		{D58ABDCB-3CB9-48FD-9D26-BDA36401E02C} = {7002CB41-514C-4DC3-8DD3-01D78280241B}
		{C16FCF3D-E0B5-40FE-925E-6DE1A8092279} = {7002CB41-514C-4DC3-8DD3-01D78280241B}
		{26F5763E-1036-409E-A991-C7F0DB65E937} = {7002CB41-514C-4DC3-8DD3-01D78280241B}
		{54F1CBD7-99EE-45A3-92FB-A90485E9B799} = {7002CB41-514C-4DC3-8DD3-01D78280241B}
		{B6FB688A-182C-4915-9EA9-39EE55BA9C6F} = {7002CB41-514C-4DC3-8DD3-01D78280241B}
		{C70B6987-7B86-44EE-80EE-2BBFD42A452A} = {7002CB41-514C-4DC3-8DD3-01D78280241B}
		{676E75EC-09E8-49DD-98D8-97F98E9B35B4} = {7002CB41-514C-4DC3-8DD3-01D78280241B}
		{11498D64-0B16-499E-A92B-6B8943F8E641} = {7002CB41-514C-4DC3-8DD3-01D78280241B}
	EndGlobalSection
EndGlobal
